
Microsoft Visual Studio Solution File, Format Version 12.00
# Visual Studio 15
VisualStudioVersion = 15.0.26403.7
MinimumVisualStudioVersion = 10.0.40219.1
Project("{FAE04EC0-301F-11D3-BF4B-00C04F79EFBC}") = "NST.Abstractions", "NST.Abstractions\NST.Abstractions.csproj", "{16FB3155-EF57-44B5-8167-449FEACF6CFE}"
EndProject
Project("{FAE04EC0-301F-11D3-BF4B-00C04F79EFBC}") = "NST.DomainModel", "NST.DomainModel\NST.DomainModel.csproj", "{924CF616-12A7-4593-B64A-8F0BD0A144DC}"
EndProject
Project("{FAE04EC0-301F-11D3-BF4B-00C04F79EFBC}") = "NST.DBConnector", "NST.DBConnector\NST.DBConnector.csproj", "{9C94F752-A0F7-436F-89D1-5E5D92F2D52C}"
EndProject
Project("{FAE04EC0-301F-11D3-BF4B-00C04F79EFBC}") = "NST.XMLConnector", "NST.XMLConnector\NST.XMLConnector.csproj", "{BF866707-33C7-4673-A9B4-CF88B2343B06}"
EndProject
Project("{2150E333-8FDC-42A3-9474-1A3956D46DE8}") = "CrossCuttingConcerns", "CrossCuttingConcerns", "{5F86F301-A661-4E18-9BCF-000027183A7E}"
EndProject
Project("{FAE04EC0-301F-11D3-BF4B-00C04F79EFBC}") = "NST.ClassicWiring", "NST.ClassicWiring\NST.ClassicWiring.csproj", "{D5F9D43C-14EB-4614-85D5-B61035691F2D}"
EndProject
Project("{FAE04EC0-301F-11D3-BF4B-00C04F79EFBC}") = "NST.ClassicWiring.Tests", "NST.ClassicWiring.Tests\NST.ClassicWiring.Tests.csproj", "{02CEA04E-62AF-4647-8D16-7AB3DDC755B9}"
EndProject
Project("{FAE04EC0-301F-11D3-BF4B-00C04F79EFBC}") = "NST.WiringUsingFactory", "NST.WiringUsingFactory\NST.WiringUsingFactory.csproj", "{5518E0DD-1E76-4B71-AB33-C2D65CD98560}"
EndProject
Project("{FAE04EC0-301F-11D3-BF4B-00C04F79EFBC}") = "NST.WiringUsingFactory.Tests", "NST.WiringUsingFactory.Tests\NST.WiringUsingFactory.Tests.csproj", "{0722AC6B-3DA3-4887-AF51-4003C34DF4C7}"
EndProject
Project("{FAE04EC0-301F-11D3-BF4B-00C04F79EFBC}") = "NST.WiringUsingServiceLocator", "NST.WiringUsingServiceLocator\NST.WiringUsingServiceLocator.csproj", "{D6B2E88E-D9C0-48F6-B169-64164B21E661}"
EndProject
Project("{FAE04EC0-301F-11D3-BF4B-00C04F79EFBC}") = "NST.WiringUsingServiceLocator.Tests", "NST.WiringUsingServiceLocator.Tests\NST.WiringUsingServiceLocator.Tests.csproj", "{D1A9C4D1-EE32-4A8D-9BAB-5361885D7439}"
EndProject
Project("{FAE04EC0-301F-11D3-BF4B-00C04F79EFBC}") = "NST.WiringUsingConstructorInjection", "NST.WiringUsingConstructorInjection\NST.WiringUsingConstructorInjection.csproj", "{201C3E28-98A5-41ED-A2D3-C7119BBE1673}"
EndProject
Project("{FAE04EC0-301F-11D3-BF4B-00C04F79EFBC}") = "NST.WiringUsingConstructorInjection.Tests", "NST.WiringUsingConstructorInjection.Tests\NST.WiringUsingConstructorInjection.Tests.csproj", "{0E261D81-A659-4949-BFD2-01C0B42960BF}"
EndProject
Project("{2150E333-8FDC-42A3-9474-1A3956D46DE8}") = "ConstructorInjection", "ConstructorInjection", "{588855AB-470D-47D3-A418-836480B2031D}"
EndProject
Project("{2150E333-8FDC-42A3-9474-1A3956D46DE8}") = "ServiceLocator", "ServiceLocator", "{0463B778-8FC7-4E49-B2D6-D1DABAF9DD6F}"
EndProject
Project("{2150E333-8FDC-42A3-9474-1A3956D46DE8}") = "Factory", "Factory", "{73DAC382-C948-48F4-B8BC-4A58CF1C33F3}"
EndProject
Project("{2150E333-8FDC-42A3-9474-1A3956D46DE8}") = "Classic", "Classic", "{AEEBAFA7-F222-464E-9CB3-3296CCD5ED69}"
EndProject
Project("{2150E333-8FDC-42A3-9474-1A3956D46DE8}") = "IoCAutofac", "IoCAutofac", "{8B1F96C2-5DB7-4910-810C-DED1A6AC087C}"
EndProject
Project("{2150E333-8FDC-42A3-9474-1A3956D46DE8}") = "ConsoleApp", "ConsoleApp", "{C3C236D6-3462-4DEF-A5A6-7765E0221F0D}"
EndProject
Project("{9A19103F-16F7-4668-BE54-9A1E7A4F7556}") = "OrderSystemConsoleApp", "OrderSystemConsoleApp\OrderSystemConsoleApp.csproj", "{7076CF22-F639-4DFE-B2F6-D782390C9BB0}"
EndProject
Project("{9A19103F-16F7-4668-BE54-9A1E7A4F7556}") = "OrderSystemConsoleApp.Tests", "OrderSystemConsoleApp.Tests\OrderSystemConsoleApp.Tests.csproj", "{52717EB0-E1D0-4074-8A1F-131576FA9B25}"
EndProject
Global
	GlobalSection(SolutionConfigurationPlatforms) = preSolution
		Debug|Any CPU = Debug|Any CPU
		Release|Any CPU = Release|Any CPU
	EndGlobalSection
	GlobalSection(ProjectConfigurationPlatforms) = postSolution
		{16FB3155-EF57-44B5-8167-449FEACF6CFE}.Debug|Any CPU.ActiveCfg = Debug|Any CPU
		{16FB3155-EF57-44B5-8167-449FEACF6CFE}.Debug|Any CPU.Build.0 = Debug|Any CPU
		{16FB3155-EF57-44B5-8167-449FEACF6CFE}.Release|Any CPU.ActiveCfg = Release|Any CPU
		{16FB3155-EF57-44B5-8167-449FEACF6CFE}.Release|Any CPU.Build.0 = Release|Any CPU
		{924CF616-12A7-4593-B64A-8F0BD0A144DC}.Debug|Any CPU.ActiveCfg = Debug|Any CPU
		{924CF616-12A7-4593-B64A-8F0BD0A144DC}.Debug|Any CPU.Build.0 = Debug|Any CPU
		{924CF616-12A7-4593-B64A-8F0BD0A144DC}.Release|Any CPU.ActiveCfg = Release|Any CPU
		{924CF616-12A7-4593-B64A-8F0BD0A144DC}.Release|Any CPU.Build.0 = Release|Any CPU
		{9C94F752-A0F7-436F-89D1-5E5D92F2D52C}.Debug|Any CPU.ActiveCfg = Debug|Any CPU
		{9C94F752-A0F7-436F-89D1-5E5D92F2D52C}.Debug|Any CPU.Build.0 = Debug|Any CPU
		{9C94F752-A0F7-436F-89D1-5E5D92F2D52C}.Release|Any CPU.ActiveCfg = Release|Any CPU
		{9C94F752-A0F7-436F-89D1-5E5D92F2D52C}.Release|Any CPU.Build.0 = Release|Any CPU
		{BF866707-33C7-4673-A9B4-CF88B2343B06}.Debug|Any CPU.ActiveCfg = Debug|Any CPU
		{BF866707-33C7-4673-A9B4-CF88B2343B06}.Debug|Any CPU.Build.0 = Debug|Any CPU
		{BF866707-33C7-4673-A9B4-CF88B2343B06}.Release|Any CPU.ActiveCfg = Release|Any CPU
		{BF866707-33C7-4673-A9B4-CF88B2343B06}.Release|Any CPU.Build.0 = Release|Any CPU
		{D5F9D43C-14EB-4614-85D5-B61035691F2D}.Debug|Any CPU.ActiveCfg = Debug|Any CPU
		{D5F9D43C-14EB-4614-85D5-B61035691F2D}.Debug|Any CPU.Build.0 = Debug|Any CPU
		{D5F9D43C-14EB-4614-85D5-B61035691F2D}.Release|Any CPU.ActiveCfg = Release|Any CPU
		{D5F9D43C-14EB-4614-85D5-B61035691F2D}.Release|Any CPU.Build.0 = Release|Any CPU
		{02CEA04E-62AF-4647-8D16-7AB3DDC755B9}.Debug|Any CPU.ActiveCfg = Debug|Any CPU
		{02CEA04E-62AF-4647-8D16-7AB3DDC755B9}.Debug|Any CPU.Build.0 = Debug|Any CPU
		{02CEA04E-62AF-4647-8D16-7AB3DDC755B9}.Release|Any CPU.ActiveCfg = Release|Any CPU
		{02CEA04E-62AF-4647-8D16-7AB3DDC755B9}.Release|Any CPU.Build.0 = Release|Any CPU
		{5518E0DD-1E76-4B71-AB33-C2D65CD98560}.Debug|Any CPU.ActiveCfg = Debug|Any CPU
		{5518E0DD-1E76-4B71-AB33-C2D65CD98560}.Debug|Any CPU.Build.0 = Debug|Any CPU
		{5518E0DD-1E76-4B71-AB33-C2D65CD98560}.Release|Any CPU.ActiveCfg = Release|Any CPU
		{5518E0DD-1E76-4B71-AB33-C2D65CD98560}.Release|Any CPU.Build.0 = Release|Any CPU
		{0722AC6B-3DA3-4887-AF51-4003C34DF4C7}.Debug|Any CPU.ActiveCfg = Debug|Any CPU
		{0722AC6B-3DA3-4887-AF51-4003C34DF4C7}.Debug|Any CPU.Build.0 = Debug|Any CPU
		{0722AC6B-3DA3-4887-AF51-4003C34DF4C7}.Release|Any CPU.ActiveCfg = Release|Any CPU
		{0722AC6B-3DA3-4887-AF51-4003C34DF4C7}.Release|Any CPU.Build.0 = Release|Any CPU
		{D6B2E88E-D9C0-48F6-B169-64164B21E661}.Debug|Any CPU.ActiveCfg = Debug|Any CPU
		{D6B2E88E-D9C0-48F6-B169-64164B21E661}.Debug|Any CPU.Build.0 = Debug|Any CPU
		{D6B2E88E-D9C0-48F6-B169-64164B21E661}.Release|Any CPU.ActiveCfg = Release|Any CPU
		{D6B2E88E-D9C0-48F6-B169-64164B21E661}.Release|Any CPU.Build.0 = Release|Any CPU
		{D1A9C4D1-EE32-4A8D-9BAB-5361885D7439}.Debug|Any CPU.ActiveCfg = Debug|Any CPU
		{D1A9C4D1-EE32-4A8D-9BAB-5361885D7439}.Debug|Any CPU.Build.0 = Debug|Any CPU
		{D1A9C4D1-EE32-4A8D-9BAB-5361885D7439}.Release|Any CPU.ActiveCfg = Release|Any CPU
		{D1A9C4D1-EE32-4A8D-9BAB-5361885D7439}.Release|Any CPU.Build.0 = Release|Any CPU
		{201C3E28-98A5-41ED-A2D3-C7119BBE1673}.Debug|Any CPU.ActiveCfg = Debug|Any CPU
		{201C3E28-98A5-41ED-A2D3-C7119BBE1673}.Debug|Any CPU.Build.0 = Debug|Any CPU
		{201C3E28-98A5-41ED-A2D3-C7119BBE1673}.Release|Any CPU.ActiveCfg = Release|Any CPU
		{201C3E28-98A5-41ED-A2D3-C7119BBE1673}.Release|Any CPU.Build.0 = Release|Any CPU
		{0E261D81-A659-4949-BFD2-01C0B42960BF}.Debug|Any CPU.ActiveCfg = Debug|Any CPU
		{0E261D81-A659-4949-BFD2-01C0B42960BF}.Debug|Any CPU.Build.0 = Debug|Any CPU
		{0E261D81-A659-4949-BFD2-01C0B42960BF}.Release|Any CPU.ActiveCfg = Release|Any CPU
		{0E261D81-A659-4949-BFD2-01C0B42960BF}.Release|Any CPU.Build.0 = Release|Any CPU
		{7076CF22-F639-4DFE-B2F6-D782390C9BB0}.Debug|Any CPU.ActiveCfg = Debug|Any CPU
		{7076CF22-F639-4DFE-B2F6-D782390C9BB0}.Debug|Any CPU.Build.0 = Debug|Any CPU
		{7076CF22-F639-4DFE-B2F6-D782390C9BB0}.Release|Any CPU.ActiveCfg = Release|Any CPU
		{7076CF22-F639-4DFE-B2F6-D782390C9BB0}.Release|Any CPU.Build.0 = Release|Any CPU
		{52717EB0-E1D0-4074-8A1F-131576FA9B25}.Debug|Any CPU.ActiveCfg = Debug|Any CPU
		{52717EB0-E1D0-4074-8A1F-131576FA9B25}.Debug|Any CPU.Build.0 = Debug|Any CPU
		{52717EB0-E1D0-4074-8A1F-131576FA9B25}.Release|Any CPU.ActiveCfg = Release|Any CPU
		{52717EB0-E1D0-4074-8A1F-131576FA9B25}.Release|Any CPU.Build.0 = Release|Any CPU
	EndGlobalSection
	GlobalSection(SolutionProperties) = preSolution
		HideSolutionNode = FALSE
	EndGlobalSection
	GlobalSection(NestedProjects) = preSolution
		{16FB3155-EF57-44B5-8167-449FEACF6CFE} = {5F86F301-A661-4E18-9BCF-000027183A7E}
		{924CF616-12A7-4593-B64A-8F0BD0A144DC} = {5F86F301-A661-4E18-9BCF-000027183A7E}
		{D5F9D43C-14EB-4614-85D5-B61035691F2D} = {AEEBAFA7-F222-464E-9CB3-3296CCD5ED69}
		{02CEA04E-62AF-4647-8D16-7AB3DDC755B9} = {AEEBAFA7-F222-464E-9CB3-3296CCD5ED69}
		{5518E0DD-1E76-4B71-AB33-C2D65CD98560} = {73DAC382-C948-48F4-B8BC-4A58CF1C33F3}
		{0722AC6B-3DA3-4887-AF51-4003C34DF4C7} = {73DAC382-C948-48F4-B8BC-4A58CF1C33F3}
		{D6B2E88E-D9C0-48F6-B169-64164B21E661} = {0463B778-8FC7-4E49-B2D6-D1DABAF9DD6F}
		{D1A9C4D1-EE32-4A8D-9BAB-5361885D7439} = {0463B778-8FC7-4E49-B2D6-D1DABAF9DD6F}
		{201C3E28-98A5-41ED-A2D3-C7119BBE1673} = {588855AB-470D-47D3-A418-836480B2031D}
		{0E261D81-A659-4949-BFD2-01C0B42960BF} = {588855AB-470D-47D3-A418-836480B2031D}
		{C3C236D6-3462-4DEF-A5A6-7765E0221F0D} = {8B1F96C2-5DB7-4910-810C-DED1A6AC087C}
		{7076CF22-F639-4DFE-B2F6-D782390C9BB0} = {C3C236D6-3462-4DEF-A5A6-7765E0221F0D}
		{52717EB0-E1D0-4074-8A1F-131576FA9B25} = {C3C236D6-3462-4DEF-A5A6-7765E0221F0D}
	EndGlobalSection
EndGlobal
